
Microsoft Visual Studio Solution File, Format Version 12.00
# Visual Studio 2015
Project("{FAE04EC0-301F-11D3-BF4B-00C04F79EFBC}") = "Embodiment HoloLens", "Embodiment HoloLens.csproj", "{7097A713-7D34-E608-A443-E90A4C70DD33}"
EndProject
Project("{FAE04EC0-301F-11D3-BF4B-00C04F79EFBC}") = "Embodiment HoloLens.Editor", "Embodiment HoloLens.Editor.csproj", "{8ADD19AC-8917-34C0-8754-52A23832FB97}"
EndProject
Global
	GlobalSection(SolutionConfigurationPlatforms) = preSolution
		Debug|Any CPU = Debug|Any CPU
		Release|Any CPU = Release|Any CPU
	EndGlobalSection
	GlobalSection(ProjectConfigurationPlatforms) = postSolution
		{7097A713-7D34-E608-A443-E90A4C70DD33}.Debug|Any CPU.ActiveCfg = Debug|Any CPU
		{7097A713-7D34-E608-A443-E90A4C70DD33}.Debug|Any CPU.Build.0 = Debug|Any CPU
		{7097A713-7D34-E608-A443-E90A4C70DD33}.Release|Any CPU.ActiveCfg = Release|Any CPU
		{7097A713-7D34-E608-A443-E90A4C70DD33}.Release|Any CPU.Build.0 = Release|Any CPU
		{8ADD19AC-8917-34C0-8754-52A23832FB97}.Debug|Any CPU.ActiveCfg = Debug|Any CPU
		{8ADD19AC-8917-34C0-8754-52A23832FB97}.Debug|Any CPU.Build.0 = Debug|Any CPU
		{8ADD19AC-8917-34C0-8754-52A23832FB97}.Release|Any CPU.ActiveCfg = Release|Any CPU
		{8ADD19AC-8917-34C0-8754-52A23832FB97}.Release|Any CPU.Build.0 = Release|Any CPU
	EndGlobalSection
	GlobalSection(SolutionProperties) = preSolution
		HideSolutionNode = FALSE
	EndGlobalSection
EndGlobal
